// !$*UTF8*$!
{
	archiveVersion = 1;
	classes = {
	};
	objectVersion = 56;
	objects = {

/* Begin PBXBuildFile section */
		02F89F132A3B1D08001956DB /* DowloadTaskApp.swift in Sources */ = {isa = PBXBuildFile; fileRef = 02F89F122A3B1D08001956DB /* DowloadTaskApp.swift */; };
		02F89F152A3B1D08001956DB /* ContentView.swift in Sources */ = {isa = PBXBuildFile; fileRef = 02F89F142A3B1D08001956DB /* ContentView.swift */; };
		02F89F172A3B1D09001956DB /* Assets.xcassets in Resources */ = {isa = PBXBuildFile; fileRef = 02F89F162A3B1D09001956DB /* Assets.xcassets */; };
		02F89F1A2A3B1D09001956DB /* Preview Assets.xcassets in Resources */ = {isa = PBXBuildFile; fileRef = 02F89F192A3B1D09001956DB /* Preview Assets.xcassets */; };
		02F89F232A3B1DC4001956DB /* HomeView.swift in Sources */ = {isa = PBXBuildFile; fileRef = 02F89F222A3B1DC4001956DB /* HomeView.swift */; };
		02F89F252A3B1E30001956DB /* DownloadTaskModel.swift in Sources */ = {isa = PBXBuildFile; fileRef = 02F89F242A3B1E30001956DB /* DownloadTaskModel.swift */; };
		02F89F282A3B6D89001956DB /* DownloadProgressView.swift in Sources */ = {isa = PBXBuildFile; fileRef = 02F89F272A3B6D89001956DB /* DownloadProgressView.swift */; };
/* End PBXBuildFile section */

/* Begin PBXFileReference section */
		02F89F0F2A3B1D08001956DB /* DowloadTask.app */ = {isa = PBXFileReference; explicitFileType = wrapper.application; includeInIndex = 0; path = DowloadTask.app; sourceTree = BUILT_PRODUCTS_DIR; };
		02F89F122A3B1D08001956DB /* DowloadTaskApp.swift */ = {isa = PBXFileReference; lastKnownFileType = sourcecode.swift; path = DowloadTaskApp.swift; sourceTree = "<group>"; };
		02F89F142A3B1D08001956DB /* ContentView.swift */ = {isa = PBXFileReference; lastKnownFileType = sourcecode.swift; path = ContentView.swift; sourceTree = "<group>"; };
		02F89F162A3B1D09001956DB /* Assets.xcassets */ = {isa = PBXFileReference; lastKnownFileType = folder.assetcatalog; path = Assets.xcassets; sourceTree = "<group>"; };
		02F89F192A3B1D09001956DB /* Preview Assets.xcassets */ = {isa = PBXFileReference; lastKnownFileType = folder.assetcatalog; path = "Preview Assets.xcassets"; sourceTree = "<group>"; };
		02F89F222A3B1DC4001956DB /* HomeView.swift */ = {isa = PBXFileReference; lastKnownFileType = sourcecode.swift; path = HomeView.swift; sourceTree = "<group>"; };
		02F89F242A3B1E30001956DB /* DownloadTaskModel.swift */ = {isa = PBXFileReference; lastKnownFileType = sourcecode.swift; path = DownloadTaskModel.swift; sourceTree = "<group>"; };
		02F89F272A3B6D89001956DB /* DownloadProgressView.swift */ = {isa = PBXFileReference; lastKnownFileType = sourcecode.swift; path = DownloadProgressView.swift; sourceTree = "<group>"; };
/* End PBXFileReference section */

/* Begin PBXFrameworksBuildPhase section */
		02F89F0C2A3B1D08001956DB /* Frameworks */ = {
			isa = PBXFrameworksBuildPhase;
			buildActionMask = 2147483647;
			files = (
			);
			runOnlyForDeploymentPostprocessing = 0;
		};
/* End PBXFrameworksBuildPhase section */

/* Begin PBXGroup section */
		02F89F062A3B1D08001956DB = {
			isa = PBXGroup;
			children = (
				02F89F112A3B1D08001956DB /* DowloadTask */,
				02F89F102A3B1D08001956DB /* Products */,
			);
			sourceTree = "<group>";
		};
		02F89F102A3B1D08001956DB /* Products */ = {
			isa = PBXGroup;
			children = (
				02F89F0F2A3B1D08001956DB /* DowloadTask.app */,
			);
			name = Products;
			sourceTree = "<group>";
		};
		02F89F112A3B1D08001956DB /* DowloadTask */ = {
			isa = PBXGroup;
			children = (
				02F89F212A3B1D9E001956DB /* ViewModel */,
				02F89F202A3B1D94001956DB /* View */,
				02F89F122A3B1D08001956DB /* DowloadTaskApp.swift */,
				02F89F142A3B1D08001956DB /* ContentView.swift */,
				02F89F162A3B1D09001956DB /* Assets.xcassets */,
				02F89F182A3B1D09001956DB /* Preview Content */,
			);
			path = DowloadTask;
			sourceTree = "<group>";
		};
		02F89F182A3B1D09001956DB /* Preview Content */ = {
			isa = PBXGroup;
			children = (
				02F89F192A3B1D09001956DB /* Preview Assets.xcassets */,
			);
			path = "Preview Content";
			sourceTree = "<group>";
		};
		02F89F202A3B1D94001956DB /* View */ = {
			isa = PBXGroup;
			children = (
				02F89F222A3B1DC4001956DB /* HomeView.swift */,
				02F89F272A3B6D89001956DB /* DownloadProgressView.swift */,
			);
			path = View;
			sourceTree = "<group>";
		};
		02F89F212A3B1D9E001956DB /* ViewModel */ = {
			isa = PBXGroup;
			children = (
				02F89F242A3B1E30001956DB /* DownloadTaskModel.swift */,
			);
			path = ViewModel;
			sourceTree = "<group>";
		};
/* End PBXGroup section */

/* Begin PBXNativeTarget section */
		02F89F0E2A3B1D08001956DB /* DowloadTask */ = {
			isa = PBXNativeTarget;
			buildConfigurationList = 02F89F1D2A3B1D09001956DB /* Build configuration list for PBXNativeTarget "DowloadTask" */;
			buildPhases = (
				02F89F0B2A3B1D08001956DB /* Sources */,
				02F89F0C2A3B1D08001956DB /* Frameworks */,
				02F89F0D2A3B1D08001956DB /* Resources */,
			);
			buildRules = (
			);
			dependencies = (
			);
			name = DowloadTask;
			productName = DowloadTask;
			productReference = 02F89F0F2A3B1D08001956DB /* DowloadTask.app */;
			productType = "com.apple.product-type.application";
		};
/* End PBXNativeTarget section */

/* Begin PBXProject section */
		02F89F072A3B1D08001956DB /* Project object */ = {
			isa = PBXProject;
			attributes = {
				BuildIndependentTargetsInParallel = 1;
				LastSwiftUpdateCheck = 1500;
				LastUpgradeCheck = 1500;
				TargetAttributes = {
					02F89F0E2A3B1D08001956DB = {
						CreatedOnToolsVersion = 15.0;
					};
				};
			};
			buildConfigurationList = 02F89F0A2A3B1D08001956DB /* Build configuration list for PBXProject "DowloadTask" */;
			compatibilityVersion = "Xcode 14.0";
			developmentRegion = en;
			hasScannedForEncodings = 0;
			knownRegions = (
				en,
				Base,
			);
			mainGroup = 02F89F062A3B1D08001956DB;
			productRefGroup = 02F89F102A3B1D08001956DB /* Products */;
			projectDirPath = "";
			projectRoot = "";
			targets = (
				02F89F0E2A3B1D08001956DB /* DowloadTask */,
			);
		};
/* End PBXProject section */

/* Begin PBXResourcesBuildPhase section */
		02F89F0D2A3B1D08001956DB /* Resources */ = {
			isa = PBXResourcesBuildPhase;
			buildActionMask = 2147483647;
			files = (
				02F89F1A2A3B1D09001956DB /* Preview Assets.xcassets in Resources */,
				02F89F172A3B1D09001956DB /* Assets.xcassets in Resources */,
			);
			runOnlyForDeploymentPostprocessing = 0;
		};
/* End PBXResourcesBuildPhase section */

/* Begin PBXSourcesBuildPhase section */
		02F89F0B2A3B1D08001956DB /* Sources */ = {
			isa = PBXSourcesBuildPhase;
			buildActionMask = 2147483647;
			files = (
				02F89F232A3B1DC4001956DB /* HomeView.swift in Sources */,
				02F89F152A3B1D08001956DB /* ContentView.swift in Sources */,
				02F89F252A3B1E30001956DB /* DownloadTaskModel.swift in Sources */,
				02F89F282A3B6D89001956DB /* DownloadProgressView.swift in Sources */,
				02F89F132A3B1D08001956DB /* DowloadTaskApp.swift in Sources */,
			);
			runOnlyForDeploymentPostprocessing = 0;
		};
/* End PBXSourcesBuildPhase section */

/* Begin XCBuildConfiguration section */
		02F89F1B2A3B1D09001956DB /* Debug */ = {
			isa = XCBuildConfiguration;
			buildSettings = {
				ALWAYS_SEARCH_USER_PATHS = NO;
				ASSETCATALOG_COMPILER_GENERATE_SWIFT_ASSET_SYMBOL_EXTENSIONS = YES;
				CLANG_ANALYZER_NONNULL = YES;
				CLANG_ANALYZER_NUMBER_OBJECT_CONVERSION = YES_AGGRESSIVE;
				CLANG_CXX_LANGUAGE_STANDARD = "gnu++20";
				CLANG_ENABLE_MODULES = YES;
				CLANG_ENABLE_OBJC_ARC = YES;
				CLANG_ENABLE_OBJC_WEAK = YES;
				CLANG_WARN_BLOCK_CAPTURE_AUTORELEASING = YES;
				CLANG_WARN_BOOL_CONVERSION = YES;
				CLANG_WARN_COMMA = YES;
				CLANG_WARN_CONSTANT_CONVERSION = YES;
				CLANG_WARN_DEPRECATED_OBJC_IMPLEMENTATIONS = YES;
				CLANG_WARN_DIRECT_OBJC_ISA_USAGE = YES_ERROR;
				CLANG_WARN_DOCUMENTATION_COMMENTS = YES;
				CLANG_WARN_EMPTY_BODY = YES;
				CLANG_WARN_ENUM_CONVERSION = YES;
				CLANG_WARN_INFINITE_RECURSION = YES;
				CLANG_WARN_INT_CONVERSION = YES;
				CLANG_WARN_NON_LITERAL_NULL_CONVERSION = YES;
				CLANG_WARN_OBJC_IMPLICIT_RETAIN_SELF = YES;
				CLANG_WARN_OBJC_LITERAL_CONVERSION = YES;
				CLANG_WARN_OBJC_ROOT_CLASS = YES_ERROR;
				CLANG_WARN_QUOTED_INCLUDE_IN_FRAMEWORK_HEADER = YES;
				CLANG_WARN_RANGE_LOOP_ANALYSIS = YES;
				CLANG_WARN_STRICT_PROTOTYPES = YES;
				CLANG_WARN_SUSPICIOUS_MOVE = YES;
				CLANG_WARN_UNGUARDED_AVAILABILITY = YES_AGGRESSIVE;
				CLANG_WARN_UNREACHABLE_CODE = YES;
				CLANG_WARN__DUPLICATE_METHOD_MATCH = YES;
				COPY_PHASE_STRIP = NO;
				DEBUG_INFORMATION_FORMAT = dwarf;
				ENABLE_STRICT_OBJC_MSGSEND = YES;
				ENABLE_TESTABILITY = YES;
				ENABLE_USER_SCRIPT_SANDBOXING = YES;
				GCC_C_LANGUAGE_STANDARD = gnu17;
				GCC_DYNAMIC_NO_PIC = NO;
				GCC_NO_COMMON_BLOCKS = YES;
				GCC_OPTIMIZATION_LEVEL = 0;
				GCC_PREPROCESSOR_DEFINITIONS = (
					"DEBUG=1",
					"$(inherited)",
				);
				GCC_WARN_64_TO_32_BIT_CONVERSION = YES;
				GCC_WARN_ABOUT_RETURN_TYPE = YES_ERROR;
				GCC_WARN_UNDECLARED_SELECTOR = YES;
				GCC_WARN_UNINITIALIZED_AUTOS = YES_AGGRESSIVE;
				GCC_WARN_UNUSED_FUNCTION = YES;
				GCC_WARN_UNUSED_VARIABLE = YES;
				IPHONEOS_DEPLOYMENT_TARGET = 17.0;
				LOCALIZATION_PREFERS_STRING_CATALOGS = YES;
				MTL_ENABLE_DEBUG_INFO = INCLUDE_SOURCE;
				MTL_FAST_MATH = YES;
				ONLY_ACTIVE_ARCH = YES;
				SDKROOT = iphoneos;
				SWIFT_ACTIVE_COMPILATION_CONDITIONS = "DEBUG $(inherited)";
				SWIFT_OPTIMIZATION_LEVEL = "-Onone";
			};
			name = Debug;
		};
		02F89F1C2A3B1D09001956DB /* Release */ = {
			isa = XCBuildConfiguration;
			buildSettings = {
				ALWAYS_SEARCH_USER_PATHS = NO;
				ASSETCATALOG_COMPILER_GENERATE_SWIFT_ASSET_SYMBOL_EXTENSIONS = YES;
				CLANG_ANALYZER_NONNULL = YES;
				CLANG_ANALYZER_NUMBER_OBJECT_CONVERSION = YES_AGGRESSIVE;
				CLANG_CXX_LANGUAGE_STANDARD = "gnu++20";
				CLANG_ENABLE_MODULES = YES;
				CLANG_ENABLE_OBJC_ARC = YES;
				CLANG_ENABLE_OBJC_WEAK = YES;
				CLANG_WARN_BLOCK_CAPTURE_AUTORELEASING = YES;
				CLANG_WARN_BOOL_CONVERSION = YES;
				CLANG_WARN_COMMA = YES;
				CLANG_WARN_CONSTANT_CONVERSION = YES;
				CLANG_WARN_DEPRECATED_OBJC_IMPLEMENTATIONS = YES;
				CLANG_WARN_DIRECT_OBJC_ISA_USAGE = YES_ERROR;
				CLANG_WARN_DOCUMENTATION_COMMENTS = YES;
				CLANG_WARN_EMPTY_BODY = YES;
				CLANG_WARN_ENUM_CONVERSION = YES;
				CLANG_WARN_INFINITE_RECURSION = YES;
				CLANG_WARN_INT_CONVERSION = YES;
				CLANG_WARN_NON_LITERAL_NULL_CONVERSION = YES;
				CLANG_WARN_OBJC_IMPLICIT_RETAIN_SELF = YES;
				CLANG_WARN_OBJC_LITERAL_CONVERSION = YES;
				CLANG_WARN_OBJC_ROOT_CLASS = YES_ERROR;
				CLANG_WARN_QUOTED_INCLUDE_IN_FRAMEWORK_HEADER = YES;
				CLANG_WARN_RANGE_LOOP_ANALYSIS = YES;
				CLANG_WARN_STRICT_PROTOTYPES = YES;
				CLANG_WARN_SUSPICIOUS_MOVE = YES;
				CLANG_WARN_UNGUARDED_AVAILABILITY = YES_AGGRESSIVE;
				CLANG_WARN_UNREACHABLE_CODE = YES;
				CLANG_WARN__DUPLICATE_METHOD_MATCH = YES;
				COPY_PHASE_STRIP = NO;
				DEBUG_INFORMATION_FORMAT = "dwarf-with-dsym";
				ENABLE_NS_ASSERTIONS = NO;
				ENABLE_STRICT_OBJC_MSGSEND = YES;
				ENABLE_USER_SCRIPT_SANDBOXING = YES;
				GCC_C_LANGUAGE_STANDARD = gnu17;
				GCC_NO_COMMON_BLOCKS = YES;
				GCC_WARN_64_TO_32_BIT_CONVERSION = YES;
				GCC_WARN_ABOUT_RETURN_TYPE = YES_ERROR;
				GCC_WARN_UNDECLARED_SELECTOR = YES;
				GCC_WARN_UNINITIALIZED_AUTOS = YES_AGGRESSIVE;
				GCC_WARN_UNUSED_FUNCTION = YES;
				GCC_WARN_UNUSED_VARIABLE = YES;
				IPHONEOS_DEPLOYMENT_TARGET = 17.0;
				LOCALIZATION_PREFERS_STRING_CATALOGS = YES;
				MTL_ENABLE_DEBUG_INFO = NO;
				MTL_FAST_MATH = YES;
				SDKROOT = iphoneos;
				SWIFT_COMPILATION_MODE = wholemodule;
				VALIDATE_PRODUCT = YES;
			};
			name = Release;
		};
		02F89F1E2A3B1D09001956DB /* Debug */ = {
			isa = XCBuildConfiguration;
			buildSettings = {
				ASSETCATALOG_COMPILER_APPICON_NAME = AppIcon;
				ASSETCATALOG_COMPILER_GLOBAL_ACCENT_COLOR_NAME = AccentColor;
				CODE_SIGN_STYLE = Automatic;
				CURRENT_PROJECT_VERSION = 1;
				DEVELOPMENT_ASSET_PATHS = "\"DowloadTask/Preview Content\"";
				DEVELOPMENT_TEAM = 98X7S4Y4AT;
				ENABLE_PREVIEWS = YES;
				GENERATE_INFOPLIST_FILE = YES;
				INFOPLIST_KEY_LSApplicationCategoryType = "";
				INFOPLIST_KEY_UIApplicationSceneManifest_Generation = YES;
				INFOPLIST_KEY_UIApplicationSupportsIndirectInputEvents = YES;
				INFOPLIST_KEY_UILaunchScreen_Generation = YES;
				INFOPLIST_KEY_UISupportedInterfaceOrientations_iPad = "UIInterfaceOrientationPortrait UIInterfaceOrientationPortraitUpsideDown UIInterfaceOrientationLandscapeLeft UIInterfaceOrientationLandscapeRight";
				INFOPLIST_KEY_UISupportedInterfaceOrientations_iPhone = "UIInterfaceOrientationPortrait UIInterfaceOrientationLandscapeLeft UIInterfaceOrientationLandscapeRight";
				LD_RUNPATH_SEARCH_PATHS = (
					"$(inherited)",
					"@executable_path/Frameworks",
				);
				MARKETING_VERSION = 1.0;
				PRODUCT_BUNDLE_IDENTIFIER = markizapp.DowloadTask;
				PRODUCT_NAME = "$(TARGET_NAME)";
				SWIFT_EMIT_LOC_STRINGS = YES;
				SWIFT_VERSION = 5.0;
				TARGETED_DEVICE_FAMILY = "1,2";
			};
			name = Debug;
		};
		02F89F1F2A3B1D09001956DB /* Release */ = {
			isa = XCBuildConfiguration;
			buildSettings = {
				ASSETCATALOG_COMPILER_APPICON_NAME = AppIcon;
				ASSETCATALOG_COMPILER_GLOBAL_ACCENT_COLOR_NAME = AccentColor;
				CODE_SIGN_STYLE = Automatic;
				CURRENT_PROJECT_VERSION = 1;
				DEVELOPMENT_ASSET_PATHS = "\"DowloadTask/Preview Content\"";
				DEVELOPMENT_TEAM = 98X7S4Y4AT;
				ENABLE_PREVIEWS = YES;
				GENERATE_INFOPLIST_FILE = YES;
				INFOPLIST_KEY_LSApplicationCategoryType = "";
				INFOPLIST_KEY_UIApplicationSceneManifest_Generation = YES;
				INFOPLIST_KEY_UIApplicationSupportsIndirectInputEvents = YES;
				INFOPLIST_KEY_UILaunchScreen_Generation = YES;
				INFOPLIST_KEY_UISupportedInterfaceOrientations_iPad = "UIInterfaceOrientationPortrait UIInterfaceOrientationPortraitUpsideDown UIInterfaceOrientationLandscapeLeft UIInterfaceOrientationLandscapeRight";
				INFOPLIST_KEY_UISupportedInterfaceOrientations_iPhone = "UIInterfaceOrientationPortrait UIInterfaceOrientationLandscapeLeft UIInterfaceOrientationLandscapeRight";
				LD_RUNPATH_SEARCH_PATHS = (
					"$(inherited)",
					"@executable_path/Frameworks",
				);
				MARKETING_VERSION = 1.0;
				PRODUCT_BUNDLE_IDENTIFIER = markizapp.DowloadTask;
				PRODUCT_NAME = "$(TARGET_NAME)";
				SWIFT_EMIT_LOC_STRINGS = YES;
				SWIFT_VERSION = 5.0;
				TARGETED_DEVICE_FAMILY = "1,2";
			};
			name = Release;
		};
/* End XCBuildConfiguration section */

/* Begin XCConfigurationList section */
		02F89F0A2A3B1D08001956DB /* Build configuration list for PBXProject "DowloadTask" */ = {
			isa = XCConfigurationList;
			buildConfigurations = (
				02F89F1B2A3B1D09001956DB /* Debug */,
				02F89F1C2A3B1D09001956DB /* Release */,
			);
			defaultConfigurationIsVisible = 0;
			defaultConfigurationName = Release;
		};
		02F89F1D2A3B1D09001956DB /* Build configuration list for PBXNativeTarget "DowloadTask" */ = {
			isa = XCConfigurationList;
			buildConfigurations = (
				02F89F1E2A3B1D09001956DB /* Debug */,
				02F89F1F2A3B1D09001956DB /* Release */,
			);
			defaultConfigurationIsVisible = 0;
			defaultConfigurationName = Release;
		};
/* End XCConfigurationList section */
	};
	rootObject = 02F89F072A3B1D08001956DB /* Project object */;
}
